Microsoft Visual Studio Solution File, Format Version 12.00
# Visual Studio 2012
Project("{FAE04EC0-301F-11D3-BF4B-00C04F79EFBC}") = "QuizCollege", "QuizCollege.csproj", "{02EBA627-B593-4B63-8627-AD1E7F369B10}"
EndProject
Global
	GlobalSection(SolutionConfigurationPlatforms) = preSolution
		Debug|Any CPU = Debug|Any CPU
		Release|Any CPU = Release|Any CPU
	EndGlobalSection
	GlobalSection(ProjectConfigurationPlatforms) = postSolution
		{02EBA627-B593-4B63-8627-AD1E7F369B10}.Debug|Any CPU.ActiveCfg = Debug|Any CPU
		{02EBA627-B593-4B63-8627-AD1E7F369B10}.Debug|Any CPU.Build.0 = Debug|Any CPU
		{02EBA627-B593-4B63-8627-AD1E7F369B10}.Release|Any CPU.ActiveCfg = Release|Any CPU
		{02EBA627-B593-4B63-8627-AD1E7F369B10}.Release|Any CPU.Build.0 = Release|Any CPU
	EndGlobalSection
	GlobalSection(SolutionProperties) = preSolution
		HideSolutionNode = FALSE
	EndGlobalSection
EndGlobal
