
Microsoft Visual Studio Solution File, Format Version 12.00
# Visual Studio 2013
VisualStudioVersion = 12.0.31101.0
MinimumVisualStudioVersion = 10.0.40219.1
Project("{FAE04EC0-301F-11D3-BF4B-00C04F79EFBC}") = "QuizCollegeServer", "QuizCollegeServer.csproj", "{02EBA627-B593-4B63-8627-AD1E7F369B10}"
EndProject
Project("{FAE04EC0-301F-11D3-BF4B-00C04F79EFBC}") = "QuizCollegeClient", "..\QuizCollegeClient\QuizCollegeClient.csproj", "{B8C93C27-56F2-4645-9421-86C881727788}"
EndProject
Global
	GlobalSection(SolutionConfigurationPlatforms) = preSolution
		Debug|Any CPU = Debug|Any CPU
		Release|Any CPU = Release|Any CPU
	EndGlobalSection
	GlobalSection(ProjectConfigurationPlatforms) = postSolution
		{02EBA627-B593-4B63-8627-AD1E7F369B10}.Debug|Any CPU.ActiveCfg = Debug|Any CPU
		{02EBA627-B593-4B63-8627-AD1E7F369B10}.Debug|Any CPU.Build.0 = Debug|Any CPU
		{02EBA627-B593-4B63-8627-AD1E7F369B10}.Release|Any CPU.ActiveCfg = Release|Any CPU
		{02EBA627-B593-4B63-8627-AD1E7F369B10}.Release|Any CPU.Build.0 = Release|Any CPU
		{B8C93C27-56F2-4645-9421-86C881727788}.Debug|Any CPU.ActiveCfg = Debug|Any CPU
		{B8C93C27-56F2-4645-9421-86C881727788}.Debug|Any CPU.Build.0 = Debug|Any CPU
		{B8C93C27-56F2-4645-9421-86C881727788}.Release|Any CPU.ActiveCfg = Release|Any CPU
		{B8C93C27-56F2-4645-9421-86C881727788}.Release|Any CPU.Build.0 = Release|Any CPU
	EndGlobalSection
	GlobalSection(SolutionProperties) = preSolution
		HideSolutionNode = FALSE
	EndGlobalSection
EndGlobal
